Microsoft Visual Studio Solution File, Format Version 12.00
# Visual Studio Version 17
VisualStudioVersion = 17.5.2.0
MinimumVisualStudioVersion = 10.0.40219.1
Project("{FAE04EC0-301F-11D3-BF4B-00C04F79EFBC}") = "csLox", "csLox.csproj", "{4EBF9286-96E6-8819-44B9-FB1623C0FF53}"
EndProject
Global
	GlobalSection(SolutionConfigurationPlatforms) = preSolution
		Debug|Any CPU = Debug|Any CPU
		Release|Any CPU = Release|Any CPU
	EndGlobalSection
	GlobalSection(ProjectConfigurationPlatforms) = postSolution
		{4EBF9286-96E6-8819-44B9-FB1623C0FF53}.Debug|Any CPU.ActiveCfg = Debug|Any CPU
		{4EBF9286-96E6-8819-44B9-FB1623C0FF53}.Debug|Any CPU.Build.0 = Debug|Any CPU
		{4EBF9286-96E6-8819-44B9-FB1623C0FF53}.Release|Any CPU.ActiveCfg = Release|Any CPU
		{4EBF9286-96E6-8819-44B9-FB1623C0FF53}.Release|Any CPU.Build.0 = Release|Any CPU
	EndGlobalSection
	GlobalSection(SolutionProperties) = preSolution
		HideSolutionNode = FALSE
	EndGlobalSection
	GlobalSection(ExtensibilityGlobals) = postSolution
		SolutionGuid = {3BBC52C7-D29C-43AE-93DA-BD3D44A05ADE}
	EndGlobalSection
EndGlobal
